// !$*UTF8*$!
{
	archiveVersion = 1;
	classes = {
	};
	objectVersion = 46;
	objects = {

/* Begin PBXBuildFile section */
		59162EF61E66EAC300F8663C /* Item+CoreDataClass.swift in Sources */ = {isa = PBXBuildFile; fileRef = 59162EF41E66EAC300F8663C /* Item+CoreDataClass.swift */; };
		59162EF71E66EAC300F8663C /* Item+CoreDataProperties.swift in Sources */ = {isa = PBXBuildFile; fileRef = 59162EF51E66EAC300F8663C /* Item+CoreDataProperties.swift */; };
		59162EF91E66F1CD00F8663C /* MaterialView.swift in Sources */ = {isa = PBXBuildFile; fileRef = 59162EF81E66F1CD00F8663C /* MaterialView.swift */; };
		59162F001E6703DA00F8663C /* Image+CoreDataClass.swift in Sources */ = {isa = PBXBuildFile; fileRef = 59162EFA1E6703DA00F8663C /* Image+CoreDataClass.swift */; };
		59162F011E6703DA00F8663C /* Image+CoreDataProperties.swift in Sources */ = {isa = PBXBuildFile; fileRef = 59162EFB1E6703DA00F8663C /* Image+CoreDataProperties.swift */; };
		59162F021E6703DA00F8663C /* ItemType+CoreDataClass.swift in Sources */ = {isa = PBXBuildFile; fileRef = 59162EFC1E6703DA00F8663C /* ItemType+CoreDataClass.swift */; };
		59162F031E6703DA00F8663C /* ItemType+CoreDataProperties.swift in Sources */ = {isa = PBXBuildFile; fileRef = 59162EFD1E6703DA00F8663C /* ItemType+CoreDataProperties.swift */; };
		59162F041E6703DA00F8663C /* Store+CoreDataClass.swift in Sources */ = {isa = PBXBuildFile; fileRef = 59162EFE1E6703DA00F8663C /* Store+CoreDataClass.swift */; };
		59162F051E6703DA00F8663C /* Store+CoreDataProperties.swift in Sources */ = {isa = PBXBuildFile; fileRef = 59162EFF1E6703DA00F8663C /* Store+CoreDataProperties.swift */; };
		59162F071E67201F00F8663C /* ItemCell.swift in Sources */ = {isa = PBXBuildFile; fileRef = 59162F061E67201F00F8663C /* ItemCell.swift */; };
		59CA9F881E64BCA900BD7D54 /* AppDelegate.swift in Sources */ = {isa = PBXBuildFile; fileRef = 59CA9F871E64BCA900BD7D54 /* AppDelegate.swift */; };
		59CA9F8A1E64BCA900BD7D54 /* MainVC.swift in Sources */ = {isa = PBXBuildFile; fileRef = 59CA9F891E64BCA900BD7D54 /* MainVC.swift */; };
		59CA9F8D1E64BCA900BD7D54 /* Main.storyboard in Resources */ = {isa = PBXBuildFile; fileRef = 59CA9F8B1E64BCA900BD7D54 /* Main.storyboard */; };
		59CA9F901E64BCA900BD7D54 /* DreamLister.xcdatamodeld in Sources */ = {isa = PBXBuildFile; fileRef = 59CA9F8E1E64BCA900BD7D54 /* DreamLister.xcdatamodeld */; };
		59CA9F921E64BCA900BD7D54 /* Assets.xcassets in Resources */ = {isa = PBXBuildFile; fileRef = 59CA9F911E64BCA900BD7D54 /* Assets.xcassets */; };
		59CA9F951E64BCA900BD7D54 /* LaunchScreen.storyboard in Resources */ = {isa = PBXBuildFile; fileRef = 59CA9F931E64BCA900BD7D54 /* LaunchScreen.storyboard */; };
		59D949C91E67490200FC68A5 /* ItemDetailsVC.swift in Sources */ = {isa = PBXBuildFile; fileRef = 59D949C81E67490200FC68A5 /* ItemDetailsVC.swift */; };
		59D949CB1E688F3100FC68A5 /* CustomTextField.swift in Sources */ = {isa = PBXBuildFile; fileRef = 59D949CA1E688F3100FC68A5 /* CustomTextField.swift */; };
/* End PBXBuildFile section */

/* Begin PBXFileReference section */
		59162EF41E66EAC300F8663C /* Item+CoreDataClass.swift */ = {isa = PBXFileReference; fileEncoding = 4; lastKnownFileType = sourcecode.swift; path = "Item+CoreDataClass.swift"; sourceTree = "<group>"; };
		59162EF51E66EAC300F8663C /* Item+CoreDataProperties.swift */ = {isa = PBXFileReference; fileEncoding = 4; lastKnownFileType = sourcecode.swift; path = "Item+CoreDataProperties.swift"; sourceTree = "<group>"; };
		59162EF81E66F1CD00F8663C /* MaterialView.swift */ = {isa = PBXFileReference; fileEncoding = 4; lastKnownFileType = sourcecode.swift; path = MaterialView.swift; sourceTree = "<group>"; };
		59162EFA1E6703DA00F8663C /* Image+CoreDataClass.swift */ = {isa = PBXFileReference; fileEncoding = 4; lastKnownFileType = sourcecode.swift; path = "Image+CoreDataClass.swift"; sourceTree = "<group>"; };
		59162EFB1E6703DA00F8663C /* Image+CoreDataProperties.swift */ = {isa = PBXFileReference; fileEncoding = 4; lastKnownFileType = sourcecode.swift; path = "Image+CoreDataProperties.swift"; sourceTree = "<group>"; };
		59162EFC1E6703DA00F8663C /* ItemType+CoreDataClass.swift */ = {isa = PBXFileReference; fileEncoding = 4; lastKnownFileType = sourcecode.swift; path = "ItemType+CoreDataClass.swift"; sourceTree = "<group>"; };
		59162EFD1E6703DA00F8663C /* ItemType+CoreDataProperties.swift */ = {isa = PBXFileReference; fileEncoding = 4; lastKnownFileType = sourcecode.swift; path = "ItemType+CoreDataProperties.swift"; sourceTree = "<group>"; };
		59162EFE1E6703DA00F8663C /* Store+CoreDataClass.swift */ = {isa = PBXFileReference; fileEncoding = 4; lastKnownFileType = sourcecode.swift; path = "Store+CoreDataClass.swift"; sourceTree = "<group>"; };
		59162EFF1E6703DA00F8663C /* Store+CoreDataProperties.swift */ = {isa = PBXFileReference; fileEncoding = 4; lastKnownFileType = sourcecode.swift; path = "Store+CoreDataProperties.swift"; sourceTree = "<group>"; };
		59162F061E67201F00F8663C /* ItemCell.swift */ = {isa = PBXFileReference; fileEncoding = 4; lastKnownFileType = sourcecode.swift; path = ItemCell.swift; sourceTree = "<group>"; };
		59CA9F841E64BCA900BD7D54 /* DreamLister.app */ = {isa = PBXFileReference; explicitFileType = wrapper.application; includeInIndex = 0; path = DreamLister.app; sourceTree = BUILT_PRODUCTS_DIR; };
		59CA9F871E64BCA900BD7D54 /* AppDelegate.swift */ = {isa = PBXFileReference; lastKnownFileType = sourcecode.swift; path = AppDelegate.swift; sourceTree = "<group>"; };
		59CA9F891E64BCA900BD7D54 /* MainVC.swift */ = {isa = PBXFileReference; lastKnownFileType = sourcecode.swift; path = MainVC.swift; sourceTree = "<group>"; };
		59CA9F8C1E64BCA900BD7D54 /* Base */ = {isa = PBXFileReference; lastKnownFileType = file.storyboard; name = Base; path = Base.lproj/Main.storyboard; sourceTree = "<group>"; };
		59CA9F8F1E64BCA900BD7D54 /* DreamLister.xcdatamodel */ = {isa = PBXFileReference; lastKnownFileType = wrapper.xcdatamodel; path = DreamLister.xcdatamodel; sourceTree = "<group>"; };
		59CA9F911E64BCA900BD7D54 /* Assets.xcassets */ = {isa = PBXFileReference; lastKnownFileType = folder.assetcatalog; path = Assets.xcassets; sourceTree = "<group>"; };
		59CA9F941E64BCA900BD7D54 /* Base */ = {isa = PBXFileReference; lastKnownFileType = file.storyboard; name = Base; path = Base.lproj/LaunchScreen.storyboard; sourceTree = "<group>"; };
		59CA9F961E64BCA900BD7D54 /* Info.plist */ = {isa = PBXFileReference; lastKnownFileType = text.plist.xml; path = Info.plist; sourceTree = "<group>"; };
		59D949C81E67490200FC68A5 /* ItemDetailsVC.swift */ = {isa = PBXFileReference; fileEncoding = 4; lastKnownFileType = sourcecode.swift; path = ItemDetailsVC.swift; sourceTree = "<group>"; };
		59D949CA1E688F3100FC68A5 /* CustomTextField.swift */ = {isa = PBXFileReference; fileEncoding = 4; lastKnownFileType = sourcecode.swift; name = CustomTextField.swift; path = Assets.xcassets/CustomTextField.dataset/CustomTextField.swift; sourceTree = "<group>"; };
/* End PBXFileReference section */

/* Begin PBXFrameworksBuildPhase section */
		59CA9F811E64BCA900BD7D54 /* Frameworks */ = {
			isa = PBXFrameworksBuildPhase;
			buildActionMask = 2147483647;
			files = (
			);
			runOnlyForDeploymentPostprocessing = 0;
		};
/* End PBXFrameworksBuildPhase section */

/* Begin PBXGroup section */
		59162EEC1E66C97600F8663C /* Controller */ = {
			isa = PBXGroup;
			children = (
				59CA9F891E64BCA900BD7D54 /* MainVC.swift */,
				59D949C81E67490200FC68A5 /* ItemDetailsVC.swift */,
			);
			name = Controller;
			sourceTree = "<group>";
		};
		59162EED1E66C97C00F8663C /* View */ = {
			isa = PBXGroup;
			children = (
				59D949CA1E688F3100FC68A5 /* CustomTextField.swift */,
				59162EF81E66F1CD00F8663C /* MaterialView.swift */,
				59162F061E67201F00F8663C /* ItemCell.swift */,
			);
			name = View;
			sourceTree = "<group>";
		};
		59162EEE1E66C98100F8663C /* Model */ = {
			isa = PBXGroup;
			children = (
				59162EF41E66EAC300F8663C /* Item+CoreDataClass.swift */,
				59162EFA1E6703DA00F8663C /* Image+CoreDataClass.swift */,
				59162EFC1E6703DA00F8663C /* ItemType+CoreDataClass.swift */,
				59162EFE1E6703DA00F8663C /* Store+CoreDataClass.swift */,
			);
			name = Model;
			sourceTree = "<group>";
		};
		59162EF31E66EA5500F8663C /* Generated */ = {
			isa = PBXGroup;
			children = (
				59162EFB1E6703DA00F8663C /* Image+CoreDataProperties.swift */,
				59162EFD1E6703DA00F8663C /* ItemType+CoreDataProperties.swift */,
				59162EFF1E6703DA00F8663C /* Store+CoreDataProperties.swift */,
				59162EF51E66EAC300F8663C /* Item+CoreDataProperties.swift */,
			);
			name = Generated;
			sourceTree = "<group>";
		};
		59CA9F7B1E64BCA900BD7D54 = {
			isa = PBXGroup;
			children = (
				59CA9F861E64BCA900BD7D54 /* DreamLister */,
				59CA9F851E64BCA900BD7D54 /* Products */,
			);
			sourceTree = "<group>";
		};
		59CA9F851E64BCA900BD7D54 /* Products */ = {
			isa = PBXGroup;
			children = (
				59CA9F841E64BCA900BD7D54 /* DreamLister.app */,
			);
			name = Products;
			sourceTree = "<group>";
		};
		59CA9F861E64BCA900BD7D54 /* DreamLister */ = {
			isa = PBXGroup;
			children = (
				59162EF31E66EA5500F8663C /* Generated */,
				59162EEE1E66C98100F8663C /* Model */,
				59162EED1E66C97C00F8663C /* View */,
				59162EEC1E66C97600F8663C /* Controller */,
				59CA9F871E64BCA900BD7D54 /* AppDelegate.swift */,
				59CA9F8B1E64BCA900BD7D54 /* Main.storyboard */,
				59CA9F931E64BCA900BD7D54 /* LaunchScreen.storyboard */,
				59CA9F911E64BCA900BD7D54 /* Assets.xcassets */,
				59CA9F961E64BCA900BD7D54 /* Info.plist */,
				59CA9F8E1E64BCA900BD7D54 /* DreamLister.xcdatamodeld */,
			);
			path = DreamLister;
			sourceTree = "<group>";
		};
/* End PBXGroup section */

/* Begin PBXNativeTarget section */
		59CA9F831E64BCA900BD7D54 /* DreamLister */ = {
			isa = PBXNativeTarget;
			buildConfigurationList = 59CA9F991E64BCA900BD7D54 /* Build configuration list for PBXNativeTarget "DreamLister" */;
			buildPhases = (
				59CA9F801E64BCA900BD7D54 /* Sources */,
				59CA9F811E64BCA900BD7D54 /* Frameworks */,
				59CA9F821E64BCA900BD7D54 /* Resources */,
			);
			buildRules = (
			);
			dependencies = (
			);
			name = DreamLister;
			productName = DreamLister;
			productReference = 59CA9F841E64BCA900BD7D54 /* DreamLister.app */;
			productType = "com.apple.product-type.application";
		};
/* End PBXNativeTarget section */

/* Begin PBXProject section */
		59CA9F7C1E64BCA900BD7D54 /* Project object */ = {
			isa = PBXProject;
			attributes = {
				LastSwiftUpdateCheck = 0820;
				LastUpgradeCheck = 0820;
				ORGANIZATIONNAME = INKdepth;
				TargetAttributes = {
					59CA9F831E64BCA900BD7D54 = {
						CreatedOnToolsVersion = 8.2.1;
						DevelopmentTeam = 22766FU6YG;
						ProvisioningStyle = Automatic;
					};
				};
			};
			buildConfigurationList = 59CA9F7F1E64BCA900BD7D54 /* Build configuration list for PBXProject "DreamLister" */;
			compatibilityVersion = "Xcode 3.2";
			developmentRegion = English;
			hasScannedForEncodings = 0;
			knownRegions = (
				en,
				Base,
			);
			mainGroup = 59CA9F7B1E64BCA900BD7D54;
			productRefGroup = 59CA9F851E64BCA900BD7D54 /* Products */;
			projectDirPath = "";
			projectRoot = "";
			targets = (
				59CA9F831E64BCA900BD7D54 /* DreamLister */,
			);
		};
/* End PBXProject section */

/* Begin PBXResourcesBuildPhase section */
		59CA9F821E64BCA900BD7D54 /* Resources */ = {
			isa = PBXResourcesBuildPhase;
			buildActionMask = 2147483647;
			files = (
				59CA9F951E64BCA900BD7D54 /* LaunchScreen.storyboard in Resources */,
				59CA9F921E64BCA900BD7D54 /* Assets.xcassets in Resources */,
				59CA9F8D1E64BCA900BD7D54 /* Main.storyboard in Resources */,
			);
			runOnlyForDeploymentPostprocessing = 0;
		};
/* End PBXResourcesBuildPhase section */

/* Begin PBXSourcesBuildPhase section */
		59CA9F801E64BCA900BD7D54 /* Sources */ = {
			isa = PBXSourcesBuildPhase;
			buildActionMask = 2147483647;
			files = (
				59162F071E67201F00F8663C /* ItemCell.swift in Sources */,
				59CA9F8A1E64BCA900BD7D54 /* MainVC.swift in Sources */,
				59162F051E6703DA00F8663C /* Store+CoreDataProperties.swift in Sources */,
				59CA9F881E64BCA900BD7D54 /* AppDelegate.swift in Sources */,
				59162F001E6703DA00F8663C /* Image+CoreDataClass.swift in Sources */,
				59162EF61E66EAC300F8663C /* Item+CoreDataClass.swift in Sources */,
				59162EF91E66F1CD00F8663C /* MaterialView.swift in Sources */,
				59CA9F901E64BCA900BD7D54 /* DreamLister.xcdatamodeld in Sources */,
				59D949C91E67490200FC68A5 /* ItemDetailsVC.swift in Sources */,
				59162F031E6703DA00F8663C /* ItemType+CoreDataProperties.swift in Sources */,
				59162F021E6703DA00F8663C /* ItemType+CoreDataClass.swift in Sources */,
				59162EF71E66EAC300F8663C /* Item+CoreDataProperties.swift in Sources */,
				59162F041E6703DA00F8663C /* Store+CoreDataClass.swift in Sources */,
				59162F011E6703DA00F8663C /* Image+CoreDataProperties.swift in Sources */,
				59D949CB1E688F3100FC68A5 /* CustomTextField.swift in Sources */,
			);
			runOnlyForDeploymentPostprocessing = 0;
		};
/* End PBXSourcesBuildPhase section */

/* Begin PBXVariantGroup section */
		59CA9F8B1E64BCA900BD7D54 /* Main.storyboard */ = {
			isa = PBXVariantGroup;
			children = (
				59CA9F8C1E64BCA900BD7D54 /* Base */,
			);
			name = Main.storyboard;
			sourceTree = "<group>";
		};
		59CA9F931E64BCA900BD7D54 /* LaunchScreen.storyboard */ = {
			isa = PBXVariantGroup;
			children = (
				59CA9F941E64BCA900BD7D54 /* Base */,
			);
			name = LaunchScreen.storyboard;
			sourceTree = "<group>";
		};
/* End PBXVariantGroup section */

/* Begin XCBuildConfiguration section */
		59CA9F971E64BCA900BD7D54 /* Debug */ = {
			isa = XCBuildConfiguration;
			buildSettings = {
				ALWAYS_SEARCH_USER_PATHS = NO;
				CLANG_ANALYZER_NONNULL = YES;
				CLANG_CXX_LANGUAGE_STANDARD = "gnu++0x";
				CLANG_CXX_LIBRARY = "libc++";
				CLANG_ENABLE_MODULES = YES;
				CLANG_ENABLE_OBJC_ARC = YES;
				CLANG_WARN_BOOL_CONVERSION = YES;
				CLANG_WARN_CONSTANT_CONVERSION = YES;
				CLANG_WARN_DIRECT_OBJC_ISA_USAGE = YES_ERROR;
				CLANG_WARN_DOCUMENTATION_COMMENTS = YES;
				CLANG_WARN_EMPTY_BODY = YES;
				CLANG_WARN_ENUM_CONVERSION = YES;
				CLANG_WARN_INFINITE_RECURSION = YES;
				CLANG_WARN_INT_CONVERSION = YES;
				CLANG_WARN_OBJC_ROOT_CLASS = YES_ERROR;
				CLANG_WARN_SUSPICIOUS_MOVE = YES;
				CLANG_WARN_UNREACHABLE_CODE = YES;
				CLANG_WARN__DUPLICATE_METHOD_MATCH = YES;
				"CODE_SIGN_IDENTITY[sdk=iphoneos*]" = "iPhone Developer";
				COPY_PHASE_STRIP = NO;
				DEBUG_INFORMATION_FORMAT = dwarf;
				ENABLE_STRICT_OBJC_MSGSEND = YES;
				ENABLE_TESTABILITY = YES;
				GCC_C_LANGUAGE_STANDARD = gnu99;
				GCC_DYNAMIC_NO_PIC = NO;
				GCC_NO_COMMON_BLOCKS = YES;
				GCC_OPTIMIZATION_LEVEL = 0;
				GCC_PREPROCESSOR_DEFINITIONS = (
					"DEBUG=1",
					"$(inherited)",
				);
				GCC_WARN_64_TO_32_BIT_CONVERSION = YES;
				GCC_WARN_ABOUT_RETURN_TYPE = YES_ERROR;
				GCC_WARN_UNDECLARED_SELECTOR = YES;
				GCC_WARN_UNINITIALIZED_AUTOS = YES_AGGRESSIVE;
				GCC_WARN_UNUSED_FUNCTION = YES;
				GCC_WARN_UNUSED_VARIABLE = YES;
				IPHONEOS_DEPLOYMENT_TARGET = 10.2;
				MTL_ENABLE_DEBUG_INFO = YES;
				ONLY_ACTIVE_ARCH = YES;
				SDKROOT = iphoneos;
				SWIFT_ACTIVE_COMPILATION_CONDITIONS = DEBUG;
				SWIFT_OPTIMIZATION_LEVEL = "-Onone";
			};
			name = Debug;
		};
		59CA9F981E64BCA900BD7D54 /* Release */ = {
			isa = XCBuildConfiguration;
			buildSettings = {
				ALWAYS_SEARCH_USER_PATHS = NO;
				CLANG_ANALYZER_NONNULL = YES;
				CLANG_CXX_LANGUAGE_STANDARD = "gnu++0x";
				CLANG_CXX_LIBRARY = "libc++";
				CLANG_ENABLE_MODULES = YES;
				CLANG_ENABLE_OBJC_ARC = YES;
				CLANG_WARN_BOOL_CONVERSION = YES;
				CLANG_WARN_CONSTANT_CONVERSION = YES;
				CLANG_WARN_DIRECT_OBJC_ISA_USAGE = YES_ERROR;
				CLANG_WARN_DOCUMENTATION_COMMENTS = YES;
				CLANG_WARN_EMPTY_BODY = YES;
				CLANG_WARN_ENUM_CONVERSION = YES;
				CLANG_WARN_INFINITE_RECURSION = YES;
				CLANG_WARN_INT_CONVERSION = YES;
				CLANG_WARN_OBJC_ROOT_CLASS = YES_ERROR;
				CLANG_WARN_SUSPICIOUS_MOVE = YES;
				CLANG_WARN_UNREACHABLE_CODE = YES;
				CLANG_WARN__DUPLICATE_METHOD_MATCH = YES;
				"CODE_SIGN_IDENTITY[sdk=iphoneos*]" = "iPhone Developer";
				COPY_PHASE_STRIP = NO;
				DEBUG_INFORMATION_FORMAT = "dwarf-with-dsym";
				ENABLE_NS_ASSERTIONS = NO;
				ENABLE_STRICT_OBJC_MSGSEND = YES;
				GCC_C_LANGUAGE_STANDARD = gnu99;
				GCC_NO_COMMON_BLOCKS = YES;
				GCC_WARN_64_TO_32_BIT_CONVERSION = YES;
				GCC_WARN_ABOUT_RETURN_TYPE = YES_ERROR;
				GCC_WARN_UNDECLARED_SELECTOR = YES;
				GCC_WARN_UNINITIALIZED_AUTOS = YES_AGGRESSIVE;
				GCC_WARN_UNUSED_FUNCTION = YES;
				GCC_WARN_UNUSED_VARIABLE = YES;
				IPHONEOS_DEPLOYMENT_TARGET = 10.2;
				MTL_ENABLE_DEBUG_INFO = NO;
				SDKROOT = iphoneos;
				SWIFT_OPTIMIZATION_LEVEL = "-Owholemodule";
				VALIDATE_PRODUCT = YES;
			};
			name = Release;
		};
		59CA9F9A1E64BCA900BD7D54 /* Debug */ = {
			isa = XCBuildConfiguration;
			buildSettings = {
				ASSETCATALOG_COMPILER_APPICON_NAME = AppIcon;
				DEVELOPMENT_TEAM = 22766FU6YG;
				INFOPLIST_FILE = DreamLister/Info.plist;
				LD_RUNPATH_SEARCH_PATHS = "$(inherited) @executable_path/Frameworks";
				PRODUCT_BUNDLE_IDENTIFIER = com.INKdepth.DreamLister;
				PRODUCT_NAME = "$(TARGET_NAME)";
				SWIFT_VERSION = 3.0;
			};
			name = Debug;
		};
		59CA9F9B1E64BCA900BD7D54 /* Release */ = {
			isa = XCBuildConfiguration;
			buildSettings = {
				ASSETCATALOG_COMPILER_APPICON_NAME = AppIcon;
				DEVELOPMENT_TEAM = 22766FU6YG;
				INFOPLIST_FILE = DreamLister/Info.plist;
				LD_RUNPATH_SEARCH_PATHS = "$(inherited) @executable_path/Frameworks";
				PRODUCT_BUNDLE_IDENTIFIER = com.INKdepth.DreamLister;
				PRODUCT_NAME = "$(TARGET_NAME)";
				SWIFT_VERSION = 3.0;
			};
			name = Release;
		};
/* End XCBuildConfiguration section */

/* Begin XCConfigurationList section */
		59CA9F7F1E64BCA900BD7D54 /* Build configuration list for PBXProject "DreamLister" */ = {
			isa = XCConfigurationList;
			buildConfigurations = (
				59CA9F971E64BCA900BD7D54 /* Debug */,
				59CA9F981E64BCA900BD7D54 /* Release */,
			);
			defaultConfigurationIsVisible = 0;
			defaultConfigurationName = Release;
		};
		59CA9F991E64BCA900BD7D54 /* Build configuration list for PBXNativeTarget "DreamLister" */ = {
			isa = XCConfigurationList;
			buildConfigurations = (
				59CA9F9A1E64BCA900BD7D54 /* Debug */,
				59CA9F9B1E64BCA900BD7D54 /* Release */,
			);
			defaultConfigurationIsVisible = 0;
			defaultConfigurationName = Release;
		};
/* End XCConfigurationList section */

/* Begin XCVersionGroup section */
		59CA9F8E1E64BCA900BD7D54 /* DreamLister.xcdatamodeld */ = {
			isa = XCVersionGroup;
			children = (
				59CA9F8F1E64BCA900BD7D54 /* DreamLister.xcdatamodel */,
			);
			currentVersion = 59CA9F8F1E64BCA900BD7D54 /* DreamLister.xcdatamodel */;
			path = DreamLister.xcdatamodeld;
			sourceTree = "<group>";
			versionGroupType = wrapper.xcdatamodel;
		};
/* End XCVersionGroup section */
	};
	rootObject = 59CA9F7C1E64BCA900BD7D54 /* Project object */;
}
